# This file is automatically @generated by Cargo.
# It is not intended for manual editing.
version = 4

[[package]]
name = "aandg-analytics-tauri"
version = "0.1.0"

[[package]]
name = "ag_analytics"
version = "0.1.0"

[[package]]
name = "ag_credentials"
version = "0.1.0"

[[package]]
name = "ag_db"
version = "0.1.0"

[[package]]
name = "ag_gemini"
version = "0.1.0"

[[package]]
name = "ag_jira"
version = "0.1.0"

[[package]]
name = "ag_risk"
version = "0.1.0"

[[package]]
name = "ag_sync"
version = "0.1.0"
